{
  "lockfileVersion": 2,
  "configVersion": 1,
  "workspaces": {
    "": {
      "name": "angular-native",
      "dependencies": {
        "@angular/common": "^22.1.5",
        "@angular/compiler": "^22.1.5",
        "@angular/compiler-cli": "^22.1.5",
        "@angular/core": "^22.1.5",
        "@angular/router": "^22.1.5",
        "@babel/core": "^8.0.1",
        "esbuild": "^0.28.2",
        "rxjs": "^7.8.2",
        "typescript": "6.0.3",
      },
    },
    "examples/a11y": {
      "name": "@angular-native/example-a11y",
      "version": "0.0.1",
    },
    "examples/clipboard": {
      "name": "@angular-native/example-clipboard",
      "version": "0.0.1",
      "dependencies": {
        "@angular-native/plugin-clipboard": "0.0.1",
      },
    },
    "examples/controls": {
      "name": "@angular-native/example-controls",
      "version": "0.0.1",
    },
    "examples/desktop": {
      "name": "@angular-native/example-desktop",
      "version": "0.0.1",
    },
    "examples/feed": {
      "name": "@angular-native/example-feed",
      "version": "0.0.1",
    },
    "examples/gestures": {
      "name": "@angular-native/example-gestures",
      "version": "0.0.1",
    },
    "examples/hello-angular": {
      "name": "@angular-native/example-hello",
      "version": "0.0.1",
    },
    "examples/hello-tv": {
      "name": "@angular-native/example-hello-tv",
      "version": "0.0.1",
    },
    "examples/hello-vision": {
      "name": "@angular-native/example-hello-vision",
      "version": "0.0.1",
    },
    "examples/hello-watch": {
      "name": "@angular-native/example-hello-watch",
      "version": "0.0.1",
    },
    "examples/hello-wear": {
      "name": "@angular-native/example-hello-wear",
      "version": "0.0.1",
    },
    "examples/keyboard": {
      "name": "@angular-native/example-keyboard",
      "version": "0.0.1",
    },
    "examples/kitchen": {
      "name": "@angular-native/example-kitchen",
      "version": "0.0.1",
    },
    "examples/measure": {
      "name": "@angular-native/example-measure",
      "version": "0.0.1",
    },
    "examples/media": {
      "name": "@angular-native/example-media",
      "version": "0.0.1",
    },
    "examples/modules": {
      "name": "@angular-native/example-modules",
      "version": "0.0.1",
    },
    "examples/pickers": {
      "name": "@angular-native/example-pickers",
      "version": "0.0.1",
    },
    "examples/plugins": {
      "name": "@angular-native/example-plugins",
      "version": "0.0.1",
      "dependencies": {
        "@angular-native/plugin-biometrics": "*",
        "@angular-native/plugin-camera": "*",
        "@angular-native/plugin-clipboard": "*",
        "@angular-native/plugin-geolocation": "*",
        "@angular-native/plugin-keychain": "*",
        "@angular-native/plugin-notifications": "*",
        "@angular-native/plugin-preferences": "*",
        "@angular-native/plugin-updater": "*",
      },
    },
    "examples/plugins-apple": {
      "name": "@angular-native/example-plugins-apple",
      "version": "0.0.1",
      "dependencies": {
        "@angular-native/plugin-barcode": "*",
      },
    },
    "examples/preferences": {
      "name": "@angular-native/example-preferences",
      "version": "0.0.1",
      "dependencies": {
        "@angular-native/plugin-preferences": "*",
      },
    },
    "examples/router": {
      "name": "@angular-native/example-router",
      "version": "0.0.1",
    },
    "examples/secrets": {
      "name": "@angular-native/example-secrets",
      "version": "0.0.1",
      "dependencies": {
        "@angular-native/plugin-biometrics": "0.0.1",
        "@angular-native/plugin-keychain": "0.0.1",
      },
    },
    "examples/storefront": {
      "name": "@angular-native/example-storefront",
      "version": "0.0.1",
    },
    "examples/watch-controls": {
      "name": "@angular-native/example-watch-controls",
      "version": "0.0.1",
    },
    "examples/watch-secrets": {
      "name": "@angular-native/example-watch-secrets",
      "version": "0.0.1",
      "dependencies": {
        "@angular-native/plugin-keychain": "0.0.1",
      },
    },
    "examples/web": {
      "name": "@angular-native/example-web",
      "version": "0.0.1",
    },
    "packages/platform-native": {
      "name": "@angular-native/platform",
      "version": "0.0.1",
      "peerDependencies": {
        "@angular/core": ">=22.0.0",
      },
    },
    "packages/plugin-barcode": {
      "name": "@angular-native/plugin-barcode",
      "version": "0.0.1",
      "peerDependencies": {
        "@angular/core": ">=22.0.0",
      },
    },
    "packages/plugin-biometrics": {
      "name": "@angular-native/plugin-biometrics",
      "version": "0.0.1",
      "peerDependencies": {
        "@angular/core": ">=22.0.0",
      },
    },
    "packages/plugin-camera": {
      "name": "@angular-native/plugin-camera",
      "version": "0.0.1",
      "peerDependencies": {
        "@angular/core": ">=22.0.0",
      },
    },
    "packages/plugin-clipboard": {
      "name": "@angular-native/plugin-clipboard",
      "version": "0.0.1",
      "peerDependencies": {
        "@angular/core": ">=22.0.0",
      },
    },
    "packages/plugin-geolocation": {
      "name": "@angular-native/plugin-geolocation",
      "version": "0.0.1",
      "peerDependencies": {
        "@angular/core": ">=22.0.0",
      },
    },
    "packages/plugin-keychain": {
      "name": "@angular-native/plugin-keychain",
      "version": "0.0.1",
      "peerDependencies": {
        "@angular/core": ">=22.0.0",
      },
    },
    "packages/plugin-notifications": {
      "name": "@angular-native/plugin-notifications",
      "version": "0.0.1",
      "peerDependencies": {
        "@angular/core": ">=22.0.0",
      },
    },
    "packages/plugin-preferences": {
      "name": "@angular-native/plugin-preferences",
      "version": "0.0.1",
      "peerDependencies": {
        "@angular/core": ">=22.0.0",
      },
    },
    "packages/plugin-updater": {
      "name": "@angular-native/plugin-updater",
      "version": "0.0.1",
      "peerDependencies": {
        "@angular/core": ">=22.0.0",
      },
    },
    "packages/primitives": {
      "name": "@angular-native/primitives",
      "version": "0.0.1",
      "peerDependencies": {
        "@angular/core": ">=22.0.0",
      },
    },
    "packages/runtime": {
      "name": "@angular-native/runtime",
      "version": "0.0.1",
    },
  },
  "packages": {
    "@angular-native/example-a11y": ["@angular-native/example-a11y@workspace:examples/a11y"],

    "@angular-native/example-clipboard": ["@angular-native/example-clipboard@workspace:examples/clipboard"],

    "@angular-native/example-controls": ["@angular-native/example-controls@workspace:examples/controls"],

    "@angular-native/example-desktop": ["@angular-native/example-desktop@workspace:examples/desktop"],

    "@angular-native/example-feed": ["@angular-native/example-feed@workspace:examples/feed"],

    "@angular-native/example-gestures": ["@angular-native/example-gestures@workspace:examples/gestures"],

    "@angular-native/example-hello": ["@angular-native/example-hello@workspace:examples/hello-angular"],

    "@angular-native/example-hello-tv": ["@angular-native/example-hello-tv@workspace:examples/hello-tv"],

    "@angular-native/example-hello-vision": ["@angular-native/example-hello-vision@workspace:examples/hello-vision"],

    "@angular-native/example-hello-watch": ["@angular-native/example-hello-watch@workspace:examples/hello-watch"],

    "@angular-native/example-hello-wear": ["@angular-native/example-hello-wear@workspace:examples/hello-wear"],

    "@angular-native/example-keyboard": ["@angular-native/example-keyboard@workspace:examples/keyboard"],

    "@angular-native/example-kitchen": ["@angular-native/example-kitchen@workspace:examples/kitchen"],

    "@angular-native/example-measure": ["@angular-native/example-measure@workspace:examples/measure"],

    "@angular-native/example-media": ["@angular-native/example-media@workspace:examples/media"],

    "@angular-native/example-modules": ["@angular-native/example-modules@workspace:examples/modules"],

    "@angular-native/example-pickers": ["@angular-native/example-pickers@workspace:examples/pickers"],

    "@angular-native/example-plugins": ["@angular-native/example-plugins@workspace:examples/plugins"],

    "@angular-native/example-plugins-apple": ["@angular-native/example-plugins-apple@workspace:examples/plugins-apple"],

    "@angular-native/example-preferences": ["@angular-native/example-preferences@workspace:examples/preferences"],

    "@angular-native/example-router": ["@angular-native/example-router@workspace:examples/router"],

    "@angular-native/example-secrets": ["@angular-native/example-secrets@workspace:examples/secrets"],

    "@angular-native/example-storefront": ["@angular-native/example-storefront@workspace:examples/storefront"],

    "@angular-native/example-watch-controls": ["@angular-native/example-watch-controls@workspace:examples/watch-controls"],

    "@angular-native/example-watch-secrets": ["@angular-native/example-watch-secrets@workspace:examples/watch-secrets"],

    "@angular-native/example-web": ["@angular-native/example-web@workspace:examples/web"],

    "@angular-native/platform": ["@angular-native/platform@workspace:packages/platform-native"],

    "@angular-native/plugin-barcode": ["@angular-native/plugin-barcode@workspace:packages/plugin-barcode"],

    "@angular-native/plugin-biometrics": ["@angular-native/plugin-biometrics@workspace:packages/plugin-biometrics"],

    "@angular-native/plugin-camera": ["@angular-native/plugin-camera@workspace:packages/plugin-camera"],

    "@angular-native/plugin-clipboard": ["@angular-native/plugin-clipboard@workspace:packages/plugin-clipboard"],

    "@angular-native/plugin-geolocation": ["@angular-native/plugin-geolocation@workspace:packages/plugin-geolocation"],

    "@angular-native/plugin-keychain": ["@angular-native/plugin-keychain@workspace:packages/plugin-keychain"],

    "@angular-native/plugin-notifications": ["@angular-native/plugin-notifications@workspace:packages/plugin-notifications"],

    "@angular-native/plugin-preferences": ["@angular-native/plugin-preferences@workspace:packages/plugin-preferences"],

    "@angular-native/plugin-updater": ["@angular-native/plugin-updater@workspace:packages/plugin-updater"],

    "@angular-native/primitives": ["@angular-native/primitives@workspace:packages/primitives"],

    "@angular-native/runtime": ["@angular-native/runtime@workspace:packages/runtime"],

    "@angular/common": ["@angular/common@22.1.5", "", { "dependencies": { "tslib": "^2.3.0" }, "peerDependencies": { "@angular/core": "22.1.5", "rxjs": "^6.5.3 || ^7.4.0" } }, "sha512-KgB+MTDotlTn67YK4sCTNFLja+G+EMCqHo5bB1cvRKw7Gd9AtAi5kgDmYzMk7ftJ9qJ2O30zXR56Hpw37J2CTQ=="],

    "@angular/compiler": ["@angular/compiler@22.1.5", "", { "dependencies": { "tslib": "^2.3.0" } }, "sha512-GvM0oNCuI09Up5Lk0ZQCX5yA2cGyHYB/rZsa/EGTnzwuxgLDlhOOa19QaVaoxDCo9vO43Ix9rG7SLppEv+qd1w=="],

    "@angular/compiler-cli": ["@angular/compiler-cli@22.1.5", "", { "dependencies": { "@babel/core": "8.0.1", "@jridgewell/sourcemap-codec": "^1.4.14", "chokidar": "^5.0.0", "convert-source-map": "^1.5.1", "reflect-metadata": "^0.2.0", "semver": "^7.0.0", "tslib": "^2.3.0", "yargs": "^18.0.0" }, "peerDependencies": { "@angular/compiler": "22.1.5", "typescript": ">=6.0 <6.1" }, "optionalPeers": ["typescript"], "bin": { "ngc": "bundles/src/bin/ngc.js", "ng-xi18n": "bundles/src/bin/ng_xi18n.js" } }, "sha512-XyeLlCqngUiZK8EMQo2DFfDxDoFdlsOe98eK7++N9Cs7qETTaMM3mu8iZbT2o6KhEwzjabW+mqipts1/ecEhyQ=="],

    "@angular/core": ["@angular/core@22.1.5", "", { "dependencies": { "tslib": "^2.3.0" }, "peerDependencies": { "@angular/compiler": "22.1.5", "rxjs": "^6.5.3 || ^7.4.0", "zone.js": "~0.15.0 || ~0.16.0" }, "optionalPeers": ["@angular/compiler", "zone.js"] }, "sha512-uiL+xVL4264NEuc3E5ILd6meSv9I4Xt82VQHvYlAVYlcjHlWY49yVe0/apzncUOGxUKzvK8/GDbyFEH7WfJYFw=="],

    "@angular/platform-browser": ["@angular/platform-browser@22.1.5", "", { "dependencies": { "tslib": "^2.3.0" }, "peerDependencies": { "@angular/animations": "22.1.5", "@angular/common": "22.1.5", "@angular/core": "22.1.5" }, "optionalPeers": ["@angular/animations"] }, "sha512-xRX7TvHzFcur5bhZUqT7QPkezcSuWRzcltcsrqh3UsZnEJ2p+olilFyLq5yAneO13hffNifFkxngoSxVwKwnHw=="],

    "@angular/router": ["@angular/router@22.1.5", "", { "dependencies": { "tslib": "^2.3.0" }, "peerDependencies": { "@angular/common": "22.1.5", "@angular/core": "22.1.5", "@angular/platform-browser": "22.1.5", "rxjs": "^6.5.3 || ^7.4.0" } }, "sha512-RYgL2iTGpMFcqZtXjcjxGVqGraDfOdk/epbLK8z/vy5cI+W2uVdiu5ait7xhv82KoaWT8lUU3sDc4jdI17qHcg=="],

    "@babel/code-frame": ["@babel/code-frame@8.0.0", "", { "dependencies": { "@babel/helper-validator-identifier": "^8.0.0", "js-tokens": "^10.0.0" } }, "sha512-dYYg153EyN2Ekbqw2zAsbd6/JR+9N2SEoC7YV2GyyqMM7x9bLDTjBD6XBhSMLH0wtIVyJj03jWNriQhaN+eoCw=="],

    "@babel/compat-data": ["@babel/compat-data@8.0.0", "", {}, "sha512-DOjnob/cXOUgDOozCDeq/aK2p5y8dUIVdf6tNhEV1HQRd6I8aQ4f4fbtHRVEvb6lP3BGomrKHiS8ICAASSVQSw=="],

    "@babel/core": ["@babel/core@8.0.1", "", { "dependencies": { "@babel/code-frame": "^8.0.0", "@babel/generator": "^8.0.0", "@babel/helper-compilation-targets": "^8.0.0", "@babel/helpers": "^8.0.0", "@babel/parser": "^8.0.0", "@babel/template": "^8.0.0", "@babel/traverse": "^8.0.0", "@babel/types": "^8.0.0", "@types/gensync": "^1.0.5", "convert-source-map": "^2.0.0", "empathic": "^2.0.1", "gensync": "^1.0.0-beta.2", "import-meta-resolve": "^4.2.0", "json5": "^2.2.3", "obug": "^2.1.1", "semver": "^7.7.3" } }, "sha512-5FgxM4dLQpMJHSiVATk8foW263dVHQHBVpXYiimNECVWG01f4nFyEbQixeT6Mwvg7TayREJ2gpKl3o2RoMdnqw=="],

    "@babel/generator": ["@babel/generator@8.0.0", "", { "dependencies": { "@babel/parser": "^8.0.0", "@babel/types": "^8.0.0", "@jridgewell/gen-mapping": "^0.3.12", "@jridgewell/trace-mapping": "^0.3.28", "@types/jsesc": "^2.5.0", "jsesc": "^3.0.2" } }, "sha512-NT9NrVwJsbSV6Y2FSstWa71EETOnzrjkL5/wX3D2mYHtKM+qvqB1DvR4D0Setb/gDBsHzRICifwEWMO8CnTF6g=="],

    "@babel/helper-compilation-targets": ["@babel/helper-compilation-targets@8.0.0", "", { "dependencies": { "@babel/compat-data": "^8.0.0", "@babel/helper-validator-option": "^8.0.0", "browserslist": "^4.24.0", "lru-cache": "^11.0.0", "semver": "^7.7.3" } }, "sha512-JwculLABZvyPvyLBpwU/E/IbH2uM3mnxNtIJpxnIfb24y1PrdVxK5Dqjle4DpgqpGRnwgC7G8IkzPdSXZrO1Ew=="],

    "@babel/helper-globals": ["@babel/helper-globals@8.0.0", "", {}, "sha512-lLozHOM6sWWlxNo8CYqHy4MBZeTvHXNgVPBfPOGsjPKUzHC2Az9QwB6gxdQmpwHl6GlQtbGgS+lj5887guDiLw=="],

    "@babel/helper-string-parser": ["@babel/helper-string-parser@8.0.0", "", {}, "sha512-6mJgmFFFIIO82vvoLt9XtRC7/TkzXfts1t/SpRX4IHSzMgqoPYCWesVu1udUPUWioAE/2fcG6WuI8zrkE1gwrg=="],

    "@babel/helper-validator-identifier": ["@babel/helper-validator-identifier@8.0.4", "", {}, "sha512-4wFaiLd0bVo4cIoTXI3zKI038NIWE/cr3jvBjejOVYVxV/m8Ltav1USiGzG1fmS5J2RhgEOgXNNK46cRPnRsrg=="],

    "@babel/helper-validator-option": ["@babel/helper-validator-option@8.0.0", "", {}, "sha512-U4Dybxh4WESWHt5XhBeExi4DrY0/DNK1aHpQbsrQXCUbFHuMweT0TpLEWKvaraV2Y6fS+ZXunsZ8zIuZIgvF2Q=="],

    "@babel/helpers": ["@babel/helpers@8.0.0", "", { "dependencies": { "@babel/template": "^8.0.0", "@babel/types": "^8.0.0" } }, "sha512-wfbi91pM3py96oIiJEz7qIpyXDytgr9zQC1HEWwlGNVRAEmItuU/0a41ZUKu1sJGyhhOIpc4t5vk4PYzt8wpsg=="],

    "@babel/parser": ["@babel/parser@8.0.4", "", { "dependencies": { "@babel/types": "^8.0.4" }, "bin": "./bin/babel-parser.js" }, "sha512-srpptsAkEbbNIC/q8nT7o+m6CQe8CJUTV/t7MYc9NnWlgYVtHOb7JH6SorxMhN0kuRJjVqXbKClG6xSbPtzz+g=="],

    "@babel/template": ["@babel/template@8.0.0", "", { "dependencies": { "@babel/code-frame": "^8.0.0", "@babel/parser": "^8.0.0", "@babel/types": "^8.0.0" } }, "sha512-eAD0QW/AlbamBbw0FeGiwasbCVPq5ncW0HNVyLP3B9czqLyh4gvw+5JTSNt6le9+ziAU7mqDZsKTHf3jTb4chQ=="],

    "@babel/traverse": ["@babel/traverse@8.0.4", "", { "dependencies": { "@babel/code-frame": "^8.0.0", "@babel/generator": "^8.0.0", "@babel/helper-globals": "^8.0.0", "@babel/parser": "^8.0.4", "@babel/template": "^8.0.0", "@babel/types": "^8.0.4", "obug": "^2.1.1" } }, "sha512-bZnmqzGG8UZneG1lLxBoWIH0G6Gr1D846Yu4/3XnY6FhCndMR49u26nTY08u/dAxWmLWF9vGQOuC+84FfIUoeg=="],

    "@babel/types": ["@babel/types@8.0.4", "", { "dependencies": { "@babel/helper-string-parser": "^8.0.0", "@babel/helper-validator-identifier": "^8.0.4" } }, "sha512-eY+Yn3dCqTGmyiq2QRU66lA5FL8lqqqvecHt0fF3uHONIa7ToYsaCiWV8lOKqAs0Rb2SjixiKFROngnulPtt2g=="],

    "@esbuild/aix-ppc64": ["@esbuild/aix-ppc64@0.28.2", "", { "os": "aix", "cpu": "ppc64" }, "sha512-XExcO+dvLKvVtNTibSTBej1NCAbaGhWn9Ww1ZPx80qsahhPFe/8jgWP0IchNe0F3HwkU7n8ejhH8bjonqht8mQ=="],

    "@esbuild/android-arm": ["@esbuild/android-arm@0.28.2", "", { "os": "android", "cpu": "arm" }, "sha512-kXXoiPVVGQcnIYGOeaovwOURpniDBpSq4A03qkQ+BMQqtGG6HYap3xne9C1O1yo4TR3qxlCX5IqqmX6fFo2Lqg=="],

    "@esbuild/android-arm64": ["@esbuild/android-arm64@0.28.2", "", { "os": "android", "cpu": "arm64" }, "sha512-5YfKeeI8qWfBZIX+u2xZC3Zlb3Os/gLS2sbEKM+I4ZOcsWmHS2WLysCcQZDAFRslDUU5Oiq44gf6PYN1vGwG5A=="],

    "@esbuild/android-x64": ["@esbuild/android-x64@0.28.2", "", { "os": "android", "cpu": "x64" }, "sha512-O387ite7SzUyCcy3JQX4P4bLtEA7bLLkx+esve5JHnyYfNTxcVpXZo9jhdB0lTKN44gztELTdU7nS8Nr16Fs1Q=="],

    "@esbuild/darwin-arm64": ["@esbuild/darwin-arm64@0.28.2", "", { "os": "darwin", "cpu": "arm64" }, "sha512-n4KqkOQrraxHJcgjM1RvwbigfQKIKJVpM7xp+KsxiyUSrRdIXnt73VhrPAx0fV44hgfmIVKjxMN9J1t5jySVkw=="],

    "@esbuild/darwin-x64": ["@esbuild/darwin-x64@0.28.2", "", { "os": "darwin", "cpu": "x64" }, "sha512-uq6suIWYP37qzGddBKPw5QEQPi6HiLGsO7UmkpfyaYNQ3D+rN6w6WfwH+nuqcGXWvawGwxOEroO4YGnFh95azw=="],

    "@esbuild/freebsd-arm64": ["@esbuild/freebsd-arm64@0.28.2", "", { "os": "freebsd", "cpu": "arm64" }, "sha512-n+I0BTSRIoy+d6RPKnEVwql5UwBJolytvY4mAOIEJorKlqgPII8ix6slVVrfZ5Tnj7glIZvloylbB/EJPMWEXw=="],

    "@esbuild/freebsd-x64": ["@esbuild/freebsd-x64@0.28.2", "", { "os": "freebsd", "cpu": "x64" }, "sha512-78XJTJkvPs0kz2w61301PJjXl4g7q3JqiYMZ/M/yVI73EHBrCRTgkhu9oqG7vPqq+a/yadEW8aD+agKlk5xrmg=="],

    "@esbuild/linux-arm": ["@esbuild/linux-arm@0.28.2", "", { "os": "linux", "cpu": "arm" }, "sha512-XlDnu2q5yoqems+xay6wSAcg9DDD7K9RLKZEBOMZm3ckNpJBvOX20tSfby8KfrrhINDyv9V2YVZKY/SpoGJI8w=="],

    "@esbuild/linux-arm64": ["@esbuild/linux-arm64@0.28.2", "", { "os": "linux", "cpu": "arm64" }, "sha512-pW4AC0P3it8c7do9MVM4p51FzHzdM/TZrerurgRcHJ2WTa1VQ1CIq18xncfpBJw4ojkiZZrKW2yIBWBP92j6Ug=="],

    "@esbuild/linux-ia32": ["@esbuild/linux-ia32@0.28.2", "", { "os": "linux", "cpu": "ia32" }, "sha512-CYbnj78HsIeA+DhgUKgFCfvNsTHFhMMrinUrMZpDXJXKN8T3XViTZ/+wtHeVxEWY8ewSzTFN+nRmSwO2tZaLUQ=="],

    "@esbuild/linux-loong64": ["@esbuild/linux-loong64@0.28.2", "", { "os": "linux", "cpu": "none" }, "sha512-buwkd8nsph4R+ajRvw0qM5Hja/TXQow3ptzWO2EbG/cqcIkHloRrdlBtQlshyYGTNFvfkfJ5tpPLVkY4DtsPfQ=="],

    "@esbuild/linux-mips64el": ["@esbuild/linux-mips64el@0.28.2", "", { "os": "linux", "cpu": "none" }, "sha512-ZVykbDyk7519VwiNb9Lcj9m8XM6v5V9uKPvrEMkkEedVewf+0itkhahp4HDpgERXhwLRpWFypsGbG/J8s0QjJA=="],

    "@esbuild/linux-ppc64": ["@esbuild/linux-ppc64@0.28.2", "", { "os": "linux", "cpu": "ppc64" }, "sha512-CAXl+Dtd9UUuJd8pKKdwh6MLm3MUMiqMPmhZ3tTSXPqfyQ3vDl6R5hZdZ/kYojK4ofXtdfSv1tFq8XzWx3heNQ=="],

    "@esbuild/linux-riscv64": ["@esbuild/linux-riscv64@0.28.2", "", { "os": "linux", "cpu": "none" }, "sha512-GeXCej4IQtU1B+QlDV8W/RRvbzI3O/Stss+/bCXv4lZls5WGRtu2a+3JkA3i4qIUlMXpcHebWpF8AkJhATowuA=="],

    "@esbuild/linux-s390x": ["@esbuild/linux-s390x@0.28.2", "", { "os": "linux", "cpu": "s390x" }, "sha512-3H1weTYZPxt/WOhByszQZybS9w5lKzUn1FDMsgEChbHWQwHYQQRfBxgCcZvPhjHfKyJjIievvMmEUawJrdY9Dg=="],

    "@esbuild/linux-x64": ["@esbuild/linux-x64@0.28.2", "", { "os": "linux", "cpu": "x64" }, "sha512-4xTZr1FUmSoQW4XIWmit3tzQrUTZM+N3P0XV8xROKYF50XfI7xeO90+1bZvNwxIufQ9hDQVRJH5YhgPVF8A/HQ=="],

    "@esbuild/netbsd-arm64": ["@esbuild/netbsd-arm64@0.28.2", "", { "os": "none", "cpu": "arm64" }, "sha512-sSATRjPeDBg3pdgHoQfoYBob11Kk1FGa9lui5RIHZCoCkJa9QKlvl3/vKz2usCmYYjs7ymJR/2Nnsqe+Hjt5nw=="],

    "@esbuild/netbsd-x64": ["@esbuild/netbsd-x64@0.28.2", "", { "os": "none", "cpu": "x64" }, "sha512-lqnzCV+mM0gIADaKihiCg6ifgfU2L3h5E33rNQBN1Y4MaVGnzryzmvvf7UHxprpQdE8hpqLolJ9Rl+SkIRDpyw=="],

    "@esbuild/openbsd-arm64": ["@esbuild/openbsd-arm64@0.28.2", "", { "os": "openbsd", "cpu": "arm64" }, "sha512-AL2qJILH7lNjrDmCQDvdxMfAUIv8KMNZOvrwAQ8i8//ntL9FflhOyMJ8OZSMBb8/AWXe3/5v5S20y3zCoZWKoQ=="],

    "@esbuild/openbsd-x64": ["@esbuild/openbsd-x64@0.28.2", "", { "os": "openbsd", "cpu": "x64" }, "sha512-QtiuPytchRyC4rwUKhexJdQKvDuZ6hWloi3igqPQNUJCS1/v9EiO3UTOXR6A3FoMo4fnAKbWJdqaIwhOzh8qEw=="],

    "@esbuild/openharmony-arm64": ["@esbuild/openharmony-arm64@0.28.2", "", { "os": "none", "cpu": "arm64" }, "sha512-WkhYDmpTjLvGlScA1rwjRUmhl4k8oXR3cIbtqWmELgU/dFeHHlEllxDvdWcNJV9rbzCexB5vz8gtNewWLgCT7Q=="],

    "@esbuild/sunos-x64": ["@esbuild/sunos-x64@0.28.2", "", { "os": "sunos", "cpu": "x64" }, "sha512-GPMSkTOtMnv2U2F8gxe4Io6qmVs+YKyp832Etqqxr0hFngmXQ3rzwytelm3GIn7T4VviRUlf3sOgBOiTdvaf7g=="],

    "@esbuild/win32-arm64": ["@esbuild/win32-arm64@0.28.2", "", { "os": "win32", "cpu": "arm64" }, "sha512-PIhhEkE9uPBleRBrQEJpUn7MBnibZzbGzYWPmY3x+YoVg/95zbjB4CxPPOQ8l5tYYM4mMaCthF8/1DIfBQQyWQ=="],

    "@esbuild/win32-ia32": ["@esbuild/win32-ia32@0.28.2", "", { "os": "win32", "cpu": "ia32" }, "sha512-YmJbfTlvU7Sdn9BB+4PRES4oB6pxgS37MAONj+hBr/cpXS1aBPKXxNnDbu+QCWPj0o9dgyxeq79g6c5P8KeuYA=="],

    "@esbuild/win32-x64": ["@esbuild/win32-x64@0.28.2", "", { "os": "win32", "cpu": "x64" }, "sha512-5ebpxr3nWMzrL/rnUI755Jkuee0bHL/Gq0WTF9lvcpv73wAp5eu8MfBUgWK9bhWvZjj7yX8etf/8tI8Ney695g=="],

    "@jridgewell/gen-mapping": ["@jridgewell/gen-mapping@0.3.13", "", { "dependencies": { "@jridgewell/sourcemap-codec": "^1.5.0", "@jridgewell/trace-mapping": "^0.3.24" } }, "sha512-2kkt/7niJ6MgEPxF0bYdQ6etZaA+fQvDcLKckhy1yIQOzaoKjBBjSj63/aLVjYE3qhRt5dvM+uUyfCg6UKCBbA=="],

    "@jridgewell/resolve-uri": ["@jridgewell/resolve-uri@3.1.2", "", {}, "sha512-bRISgCIjP20/tbWSPWMEi54QVPRZExkuD9lJL+UIxUKtwVJA8wW1Trb1jMs1RFXo1CBTNZ/5hpC9QvmKWdopKw=="],

    "@jridgewell/sourcemap-codec": ["@jridgewell/sourcemap-codec@1.6.0", "", {}, "sha512-T7jf+5zgsZHwNJ4lvQ7/aezbyk0nNX+zJVWpmHA7VYsEx7a7qr5Rg5IbtJFqkgze5Y2sruq1RUY8Q837Od7iFw=="],

    "@jridgewell/trace-mapping": ["@jridgewell/trace-mapping@0.3.31", "", { "dependencies": { "@jridgewell/resolve-uri": "^3.1.0", "@jridgewell/sourcemap-codec": "^1.4.14" } }, "sha512-zzNR+SdQSDJzc8joaeP8QQoCQr8NuYx2dIIytl1QeBEZHJ9uW6hebsrYgbz8hJwUQao3TWCMtmfV8Nu1twOLAw=="],

    "@types/gensync": ["@types/gensync@1.0.5", "", {}, "sha512-MbsRCT7mTikHwKZ0X+LVUTLRrZZRLipTuXEO9qOYO+zmjMVk81axyClMROf6uoPD9MRVu46bx8zoR0Ad9q3NAg=="],

    "@types/jsesc": ["@types/jsesc@2.5.1", "", {}, "sha512-9VN+6yxLOPLOav+7PwjZbxiID2bVaeq0ED4qSQmdQTdjnXJSaCVKTR58t15oqH1H5t8Ng2ZX1SabJVoN9Q34bw=="],

    "ansi-regex": ["ansi-regex@6.3.0", "", {}, "sha512-WpDfL7NO6j7tH88IDBNVdUJxDh9nmCteAVW9dsep846XdwF4naCBK+/tGLX3KJgcpgMRXCFlTM2hKGoK9FsdrQ=="],

    "ansi-styles": ["ansi-styles@6.2.3", "", {}, "sha512-4Dj6M28JB+oAH8kFkTLUo+a2jwOFkuqb3yucU0CANcRRUbxS0cP0nZYCGjcc3BNXwRIsUVmDGgzawme7zvJHvg=="],

    "baseline-browser-mapping": ["baseline-browser-mapping@2.11.21", "", { "bin": { "baseline-browser-mapping": "dist/cli.cjs" } }, "sha512-uh8vpY/1/YyFkunIDFH/12p7/7VdPKA1hejMVEbdkEaWnUz0Hesvx5EbiU6XxjyHZIOju+ZMbQJkRh+es3/spQ=="],

    "browserslist": ["browserslist@4.28.9", "", { "dependencies": { "baseline-browser-mapping": "^2.11.20", "caniuse-lite": "^1.0.30001810", "electron-to-chromium": "^1.5.420", "node-releases": "^2.0.54", "update-browserslist-db": "^1.3.2" }, "bin": { "browserslist": "cli.js" } }, "sha512-EWazOblFYUvlGZcfGhPUPmYh3nikUxBVb+y9MJun5f3hBi812X+8MSQTujLBtgK3cf51fJWbWfOjyeO954d+Eg=="],

    "caniuse-lite": ["caniuse-lite@1.0.30001810", "", {}, "sha512-TITQPUkaz+aVk5GL6NhOdwk1aEaNTSDPsGFWrTuhKGtjTF70jL/Oht2W4c6rXUe5fu7Ie19VIahAXHIIiWWNeg=="],

    "chokidar": ["chokidar@5.0.0", "", { "dependencies": { "readdirp": "^5.0.0" } }, "sha512-TQMmc3w+5AxjpL8iIiwebF73dRDF4fBIieAqGn9RGCWaEVwQ6Fb2cGe31Yns0RRIzii5goJ1Y7xbMwo1TxMplw=="],

    "cliui": ["cliui@9.0.1", "", { "dependencies": { "string-width": "^7.2.0", "strip-ansi": "^7.1.0", "wrap-ansi": "^9.0.0" } }, "sha512-k7ndgKhwoQveBL+/1tqGJYNz097I7WOvwbmmU2AR5+magtbjPWQTS1C5vzGkBC8Ym8UWRzfKUzUUqFLypY4Q+w=="],

    "convert-source-map": ["convert-source-map@1.9.0", "", {}, "sha512-ASFBup0Mz1uyiIjANan1jzLQami9z1PoYSZCiiYW2FczPbenXc45FZdBZLzOT+r6+iciuEModtmCti+hjaAk0A=="],

    "electron-to-chromium": ["electron-to-chromium@1.5.422", "", {}, "sha512-UvA/32XqrLDdZSn7Jllo1AYNcWji/G0d5M0GTViE7KoGBiMunw3a34Sb2KO4ZZyrSEhqsxFoVhWWJshdyfKqJA=="],

    "emoji-regex": ["emoji-regex@10.6.0", "", {}, "sha512-toUI84YS5YmxW219erniWD0CIVOo46xGKColeNQRgOzDorgBi1v4D71/OFzgD9GO2UGKIv1C3Sp8DAn0+j5w7A=="],

    "empathic": ["empathic@2.0.1", "", {}, "sha512-YGRs8knHhKHVShLkFET/rWAU8kmHbOV5LwN938RHI0pljAJ1Gf6SzXsSmRaEzcXTtOOmVqJ5+WtQPL5uigY50Q=="],

    "esbuild": ["esbuild@0.28.2", "", { "optionalDependencies": { "@esbuild/aix-ppc64": "0.28.2", "@esbuild/android-arm": "0.28.2", "@esbuild/android-arm64": "0.28.2", "@esbuild/android-x64": "0.28.2", "@esbuild/darwin-arm64": "0.28.2", "@esbuild/darwin-x64": "0.28.2", "@esbuild/freebsd-arm64": "0.28.2", "@esbuild/freebsd-x64": "0.28.2", "@esbuild/linux-arm": "0.28.2", "@esbuild/linux-arm64": "0.28.2", "@esbuild/linux-ia32": "0.28.2", "@esbuild/linux-loong64": "0.28.2", "@esbuild/linux-mips64el": "0.28.2", "@esbuild/linux-ppc64": "0.28.2", "@esbuild/linux-riscv64": "0.28.2", "@esbuild/linux-s390x": "0.28.2", "@esbuild/linux-x64": "0.28.2", "@esbuild/netbsd-arm64": "0.28.2", "@esbuild/netbsd-x64": "0.28.2", "@esbuild/openbsd-arm64": "0.28.2", "@esbuild/openbsd-x64": "0.28.2", "@esbuild/openharmony-arm64": "0.28.2", "@esbuild/sunos-x64": "0.28.2", "@esbuild/win32-arm64": "0.28.2", "@esbuild/win32-ia32": "0.28.2", "@esbuild/win32-x64": "0.28.2" }, "bin": { "esbuild": "bin/esbuild" } }, "sha512-HKVLS8dvII+xoKW9kmqxbRKrnWEXfJJr/FZhhJmiqIB0e053QNYFqOBouTMO/k5sID4MvCiUCvv8b9M4h32wIA=="],

    "escalade": ["escalade@3.2.0", "", {}, "sha512-WUj2qlxaQtO4g6Pq5c29GTcWGDyd8itL8zTlipgECz3JesAiiOKotd8JU6otB3PACgG6xkJUyVhboMS+bje/jA=="],

    "gensync": ["gensync@1.0.0-beta.2", "", {}, "sha512-3hN7NaskYvMDLQY55gnW3NQ+mesEAepTqlg+VEbj7zzqEMBVNhzcGYYeqFo/TlYz6eQiFcp1HcsCZO+nGgS8zg=="],

    "get-caller-file": ["get-caller-file@2.0.5", "", {}, "sha512-DyFP3BM/3YHTQOCUL/w0OZHR0lpKeGrxotcHWcqNEdnltqFwXVfhEBQ94eIo34AfQpo0rGki4cyIiftY06h2Fg=="],

    "get-east-asian-width": ["get-east-asian-width@1.6.0", "", {}, "sha512-QRbvDIbx6YklUe6RxeTeleMR0yv3cYH6PsPZHcnVn7xv7zO1BHN8r0XETu8n6Ye3Q+ahtSarc3WgtNWmehIBfA=="],

    "import-meta-resolve": ["import-meta-resolve@4.2.0", "", {}, "sha512-Iqv2fzaTQN28s/FwZAoFq0ZSs/7hMAHJVX+w8PZl3cY19Pxk6jFFalxQoIfW2826i/fDLXv8IiEZRIT0lDuWcg=="],

    "js-tokens": ["js-tokens@10.0.0", "", {}, "sha512-lM/UBzQmfJRo9ABXbPWemivdCW8V2G8FHaHdypQaIy523snUjog0W71ayWXTjiR+ixeMyVHN2XcpnTd/liPg/Q=="],

    "jsesc": ["jsesc@3.1.0", "", { "bin": { "jsesc": "bin/jsesc" } }, "sha512-/sM3dO2FOzXjKQhJuo0Q173wf2KOo8t4I8vHy6lF9poUp7bKT0/NHE8fPX23PwfhnykfqnC2xRxOnVw5XuGIaA=="],

    "json5": ["json5@2.2.3", "", { "bin": { "json5": "lib/cli.js" } }, "sha512-XmOWe7eyHYH14cLdVPoyg+GOH3rYX++KpzrylJwSW98t3Nk+U8XOl8FWKOgwtzdb8lXGf6zYwDUzeHMWfxasyg=="],

    "lru-cache": ["lru-cache@11.5.2", "", {}, "sha512-4pfM1Ff0x50o0tQwb5ucw/RzNyD0/YJME6IVcStalZuMWxdt3sR3huStTtxz4PUmvZfRguvDejasvQ2kifR11g=="],

    "node-releases": ["node-releases@2.0.54", "", {}, "sha512-YHs7BmmcsdAI5Ozuf8JZo6PT0mv2GIWC9vMfvUC3dp65M8hn7Ux8CPL+2oBI7juNuj9d0ndhTcznq2ODBps9cQ=="],

    "obug": ["obug@2.1.4", "", {}, "sha512-4a+OsYv9UktOJKE+l1A4OufDgdRF9PifWj+tJnHURo/P+WOxpG4GzUFL9qCalmWauao6ogiG+QvnCovwPoyAWA=="],

    "picocolors": ["picocolors@1.1.1", "", {}, "sha512-xceH2snhtb5M9liqDsmEw56le376mTZkEX/jEb/RxNFyegNul7eNslCXP9FDj/Lcu0X8KEyMceP2ntpaHrDEVA=="],

    "readdirp": ["readdirp@5.1.1", "", {}, "sha512-Kko+Y5XQ6fM+Ce3dq3m9YGxnacYZYl9cA1wZjaF3Vbry2L3i1qVg8+CAgNPsXRArPMUMCaOR7oa9Nqntc43JKA=="],

    "reflect-metadata": ["reflect-metadata@0.2.2", "", {}, "sha512-urBwgfrvVP/eAyXx4hluJivBKzuEbSQs9rKWCrCkbSxNv8mxPcUZKeuoF3Uy4mJl3Lwprp6yy5/39VWigZ4K6Q=="],

    "rxjs": ["rxjs@7.8.2", "", { "dependencies": { "tslib": "^2.1.0" } }, "sha512-dhKf903U/PQZY6boNNtAGdWbG85WAbjT/1xYoZIC7FAY0yWapOBQVsVrDl58W86//e1VpMNBtRV4MaXfdMySFA=="],

    "semver": ["semver@7.8.5", "", { "bin": { "semver": "bin/semver.js" } }, "sha512-Y7/KDsb8LjooZpwaqGyulO6DQlksgCncchHGk+sZIY4SBvUocMBEFH5Ur1fI4dV+Jvl0w6cjvucaIi40puRioA=="],

    "string-width": ["string-width@8.2.2", "", { "dependencies": { "get-east-asian-width": "^1.5.0", "strip-ansi": "^7.1.2" } }, "sha512-GaPUh5gfdrYzqeVNZvUfT23vYYxXzKYidUcnMtJg/3rxRV63EFZy3k6xfKlmfeJD0176lnUV/Usr3XcwSvFzpg=="],

    "strip-ansi": ["strip-ansi@7.2.0", "", { "dependencies": { "ansi-regex": "^6.2.2" } }, "sha512-yDPMNjp4WyfYBkHnjIRLfca1i6KMyGCtsVgoKe/z1+6vukgaENdgGBZt+ZmKPc4gavvEZ5OgHfHdrazhgNyG7w=="],

    "tslib": ["tslib@2.8.1", "", {}, "sha512-oJFu94HQb+KVduSUQL7wnpmqnfmLsOA/nAh6b6EH0wCEoK0/mPeXU6c3wKDV83MkOuHPRHtSXKKU99IBazS/2w=="],

    "typescript": ["typescript@6.0.3", "", { "bin": { "tsc": "bin/tsc", "tsserver": "bin/tsserver" } }, "sha512-y2TvuxSZPDyQakkFRPZHKFm+KKVqIisdg9/CZwm9ftvKXLP8NRWj38/ODjNbr43SsoXqNuAisEf1GdCxqWcdBw=="],

    "update-browserslist-db": ["update-browserslist-db@1.3.2", "", { "dependencies": { "escalade": "^3.2.0", "picocolors": "^1.1.1" }, "peerDependencies": { "browserslist": ">= 4.21.0" }, "bin": { "update-browserslist-db": "cli.js" } }, "sha512-UQ+MSxlhRm1bzjhU+DcuXfjFO1FzNtqhK5+9Yvlp90ItDLk5vT932A0rFu619nf7RVS+Y/VeaUW1jaRDqZ8VJw=="],

    "wrap-ansi": ["wrap-ansi@9.0.2", "", { "dependencies": { "ansi-styles": "^6.2.1", "string-width": "^7.0.0", "strip-ansi": "^7.1.0" } }, "sha512-42AtmgqjV+X1VpdOfyTGOYRi0/zsoLqtXQckTmqTeybT+BDIbM/Guxo7x3pE2vtpr1ok6xRqM9OpBe+Jyoqyww=="],

    "y18n": ["y18n@5.0.8", "", {}, "sha512-0pfFzegeDWJHJIAmTLRP2DwHjdF5s7jo9tuztdQxAhINCdvS+3nGINqPd00AphqJR/0LhANUS6/+7SCb98YOfA=="],

    "yargs": ["yargs@18.1.0", "", { "dependencies": { "cliui": "^9.0.1", "escalade": "^3.1.1", "get-caller-file": "^2.0.5", "string-width": "^8.2.1", "y18n": "^5.0.5", "yargs-parser": "^22.0.0" } }, "sha512-2rAgRKu54VsHkqI0/tYkmluGXHD4KW7yZoycuqDQ15QOTnc2VVfy0nN/1eMhnQLO00A+dwtK20xuCnc1YGeUyg=="],

    "yargs-parser": ["yargs-parser@22.0.0", "", {}, "sha512-rwu/ClNdSMpkSrUb+d6BRsSkLUq1fmfsY6TOpYzTwvwkg1/NRG85KBy3kq++A8LKQwX6lsu+aWad+2khvuXrqw=="],

    "@babel/core/convert-source-map": ["convert-source-map@2.0.0", "", {}, "sha512-Kvp459HrV2FEJ1CAsi1Ku+MY3kasH19TFykTz2xWmMeq6bk2NU3XXvfJ+Q61m0xktWwt+1HSYf3JZsTms3aRJg=="],

    "cliui/string-width": ["string-width@7.2.0", "", { "dependencies": { "emoji-regex": "^10.3.0", "get-east-asian-width": "^1.0.0", "strip-ansi": "^7.1.0" } }, "sha512-tsaTIkKW9b4N+AEj+SVA+WhJzV7/zMhcSu78mLKWSk7cXMOSHsBKFWUs0fWwq8QyK3MgJBQRX6Gbi4kYbdvGkQ=="],

    "wrap-ansi/string-width": ["string-width@7.2.0", "", { "dependencies": { "emoji-regex": "^10.3.0", "get-east-asian-width": "^1.0.0", "strip-ansi": "^7.1.0" } }, "sha512-tsaTIkKW9b4N+AEj+SVA+WhJzV7/zMhcSu78mLKWSk7cXMOSHsBKFWUs0fWwq8QyK3MgJBQRX6Gbi4kYbdvGkQ=="],
  }
}
